
Microsoft Visual Studio Solution File, Format Version 12.00
Project("{FAE04EC0-301F-11D3-BF4B-00C04F79EFBC}") = "DesignPatternsDemo.Api", "DesignPatternsDemo.Api\DesignPatternsDemo.Api.csproj", "{F4A4696B-6E2E-4EC1-993E-FA425C8916FE}"
EndProject
Global
	GlobalSection(SolutionConfigurationPlatforms) = preSolution
		Debug|Any CPU = Debug|Any CPU
		Release|Any CPU = Release|Any CPU
	EndGlobalSection
	GlobalSection(ProjectConfigurationPlatforms) = postSolution
		{F4A4696B-6E2E-4EC1-993E-FA425C8916FE}.Debug|Any CPU.ActiveCfg = Debug|Any CPU
		{F4A4696B-6E2E-4EC1-993E-FA425C8916FE}.Debug|Any CPU.Build.0 = Debug|Any CPU
		{F4A4696B-6E2E-4EC1-993E-FA425C8916FE}.Release|Any CPU.ActiveCfg = Release|Any CPU
		{F4A4696B-6E2E-4EC1-993E-FA425C8916FE}.Release|Any CPU.Build.0 = Release|Any CPU
	EndGlobalSection
EndGlobal
